
Microsoft Visual Studio Solution File, Format Version 12.00
# Visual Studio Version 17
VisualStudioVersion = 17.2.32630.192
MinimumVisualStudioVersion = 10.0.40219.1
Project("{FAE04EC0-301F-11D3-BF4B-00C04F79EFBC}") = "Steps", "Steps.csproj", "{E1A66F8C-7918-42B9-B81C-F63DFA42D181}"
EndProject
Global
	GlobalSection(SolutionConfigurationPlatforms) = preSolution
		Debug|Any CPU = Debug|Any CPU
		Release|Any CPU = Release|Any CPU
	EndGlobalSection
	GlobalSection(ProjectConfigurationPlatforms) = postSolution
		{E1A66F8C-7918-42B9-B81C-F63DFA42D181}.Debug|Any CPU.ActiveCfg = Debug|Any CPU
		{E1A66F8C-7918-42B9-B81C-F63DFA42D181}.Debug|Any CPU.Build.0 = Debug|Any CPU
		{E1A66F8C-7918-42B9-B81C-F63DFA42D181}.Release|Any CPU.ActiveCfg = Release|Any CPU
		{E1A66F8C-7918-42B9-B81C-F63DFA42D181}.Release|Any CPU.Build.0 = Release|Any CPU
	EndGlobalSection
	GlobalSection(SolutionProperties) = preSolution
		HideSolutionNode = FALSE
	EndGlobalSection
	GlobalSection(ExtensibilityGlobals) = postSolution
		SolutionGuid = {C5E47241-FD47-4B3F-8A01-C953863DB886}
	EndGlobalSection
EndGlobal
